
Microsoft Visual Studio Solution File, Format Version 12.00
# Visual Studio Version 16
VisualStudioVersion = 16.0.30907.101
MinimumVisualStudioVersion = 10.0.40219.1
Project("{9A19103F-16F7-4668-BE54-9A1E7A4F7556}") = "Algorithms", "Algorithms.csproj", "{9F52FB0C-E18E-4637-8CF8-D381DF892773}"
EndProject
Project("{9A19103F-16F7-4668-BE54-9A1E7A4F7556}") = "Algorithms_Graphics", "..\AlgorithmsGraphics_1\Algorithms_Graphics.csproj", "{FAC11848-7DEF-48EA-8FCB-16222DE7EEBA}"
EndProject
Global
	GlobalSection(SolutionConfigurationPlatforms) = preSolution
		Debug|Any CPU = Debug|Any CPU
		Release|Any CPU = Release|Any CPU
	EndGlobalSection
	GlobalSection(ProjectConfigurationPlatforms) = postSolution
		{9F52FB0C-E18E-4637-8CF8-D381DF892773}.Debug|Any CPU.ActiveCfg = Debug|Any CPU
		{9F52FB0C-E18E-4637-8CF8-D381DF892773}.Debug|Any CPU.Build.0 = Debug|Any CPU
		{9F52FB0C-E18E-4637-8CF8-D381DF892773}.Release|Any CPU.ActiveCfg = Release|Any CPU
		{9F52FB0C-E18E-4637-8CF8-D381DF892773}.Release|Any CPU.Build.0 = Release|Any CPU
		{FAC11848-7DEF-48EA-8FCB-16222DE7EEBA}.Debug|Any CPU.ActiveCfg = Debug|Any CPU
		{FAC11848-7DEF-48EA-8FCB-16222DE7EEBA}.Debug|Any CPU.Build.0 = Debug|Any CPU
		{FAC11848-7DEF-48EA-8FCB-16222DE7EEBA}.Release|Any CPU.ActiveCfg = Release|Any CPU
		{FAC11848-7DEF-48EA-8FCB-16222DE7EEBA}.Release|Any CPU.Build.0 = Release|Any CPU
	EndGlobalSection
	GlobalSection(SolutionProperties) = preSolution
		HideSolutionNode = FALSE
	EndGlobalSection
	GlobalSection(ExtensibilityGlobals) = postSolution
		SolutionGuid = {F3EBBC92-7FAD-4C0D-AEA7-F9AB5679A16E}
	EndGlobalSection
EndGlobal
